
Microsoft Visual Studio Solution File, Format Version 12.00
# Visual Studio Version 17
VisualStudioVersion = 17.5.33502.453
MinimumVisualStudioVersion = 10.0.40219.1
Project("{FAE04EC0-301F-11D3-BF4B-00C04F79EFBC}") = "Artberry.Android", "Artberry\Artberry.Android\Artberry.Android.csproj", "{5AC984A9-0F21-4A15-825E-C99959DCCEC1}"
EndProject
Project("{FAE04EC0-301F-11D3-BF4B-00C04F79EFBC}") = "Artberry.iOS", "Artberry\Artberry.iOS\Artberry.iOS.csproj", "{E93ED256-E83B-455E-8057-CCAAB485BD1D}"
EndProject
Project("{FAE04EC0-301F-11D3-BF4B-00C04F79EFBC}") = "Artberry", "Artberry\Artberry\Artberry.csproj", "{89607181-179C-48DA-903D-CBA13784BEF1}"
EndProject
Global
	GlobalSection(SolutionConfigurationPlatforms) = preSolution
		Debug|Any CPU = Debug|Any CPU
		Debug|iPhone = Debug|iPhone
		Debug|iPhoneSimulator = Debug|iPhoneSimulator
		Release|Any CPU = Release|Any CPU
		Release|iPhone = Release|iPhone
		Release|iPhoneSimulator = Release|iPhoneSimulator
	EndGlobalSection
	GlobalSection(ProjectConfigurationPlatforms) = postSolution
		{5AC984A9-0F21-4A15-825E-C99959DCCEC1}.Debug|Any CPU.ActiveCfg = Debug|Any CPU
		{5AC984A9-0F21-4A15-825E-C99959DCCEC1}.Debug|Any CPU.Build.0 = Debug|Any CPU
		{5AC984A9-0F21-4A15-825E-C99959DCCEC1}.Debug|Any CPU.Deploy.0 = Debug|Any CPU
		{5AC984A9-0F21-4A15-825E-C99959DCCEC1}.Debug|iPhone.ActiveCfg = Debug|Any CPU
		{5AC984A9-0F21-4A15-825E-C99959DCCEC1}.Debug|iPhone.Build.0 = Debug|Any CPU
		{5AC984A9-0F21-4A15-825E-C99959DCCEC1}.Debug|iPhone.Deploy.0 = Debug|Any CPU
		{5AC984A9-0F21-4A15-825E-C99959DCCEC1}.Debug|iPhoneSimulator.ActiveCfg = Debug|Any CPU
		{5AC984A9-0F21-4A15-825E-C99959DCCEC1}.Debug|iPhoneSimulator.Build.0 = Debug|Any CPU
		{5AC984A9-0F21-4A15-825E-C99959DCCEC1}.Debug|iPhoneSimulator.Deploy.0 = Debug|Any CPU
		{5AC984A9-0F21-4A15-825E-C99959DCCEC1}.Release|Any CPU.ActiveCfg = Release|Any CPU
		{5AC984A9-0F21-4A15-825E-C99959DCCEC1}.Release|Any CPU.Build.0 = Release|Any CPU
		{5AC984A9-0F21-4A15-825E-C99959DCCEC1}.Release|Any CPU.Deploy.0 = Release|Any CPU
		{5AC984A9-0F21-4A15-825E-C99959DCCEC1}.Release|iPhone.ActiveCfg = Release|Any CPU
		{5AC984A9-0F21-4A15-825E-C99959DCCEC1}.Release|iPhone.Build.0 = Release|Any CPU
		{5AC984A9-0F21-4A15-825E-C99959DCCEC1}.Release|iPhone.Deploy.0 = Release|Any CPU
		{5AC984A9-0F21-4A15-825E-C99959DCCEC1}.Release|iPhoneSimulator.ActiveCfg = Release|Any CPU
		{5AC984A9-0F21-4A15-825E-C99959DCCEC1}.Release|iPhoneSimulator.Build.0 = Release|Any CPU
		{5AC984A9-0F21-4A15-825E-C99959DCCEC1}.Release|iPhoneSimulator.Deploy.0 = Release|Any CPU
		{E93ED256-E83B-455E-8057-CCAAB485BD1D}.Debug|Any CPU.ActiveCfg = Debug|iPhone
		{E93ED256-E83B-455E-8057-CCAAB485BD1D}.Debug|Any CPU.Build.0 = Debug|iPhone
		{E93ED256-E83B-455E-8057-CCAAB485BD1D}.Debug|Any CPU.Deploy.0 = Debug|iPhone
		{E93ED256-E83B-455E-8057-CCAAB485BD1D}.Debug|iPhone.ActiveCfg = Debug|iPhone
		{E93ED256-E83B-455E-8057-CCAAB485BD1D}.Debug|iPhone.Build.0 = Debug|iPhone
		{E93ED256-E83B-455E-8057-CCAAB485BD1D}.Debug|iPhone.Deploy.0 = Debug|iPhone
		{E93ED256-E83B-455E-8057-CCAAB485BD1D}.Debug|iPhoneSimulator.ActiveCfg = Debug|iPhoneSimulator
		{E93ED256-E83B-455E-8057-CCAAB485BD1D}.Debug|iPhoneSimulator.Build.0 = Debug|iPhoneSimulator
		{E93ED256-E83B-455E-8057-CCAAB485BD1D}.Debug|iPhoneSimulator.Deploy.0 = Debug|iPhoneSimulator
		{E93ED256-E83B-455E-8057-CCAAB485BD1D}.Release|Any CPU.ActiveCfg = Release|iPhoneSimulator
		{E93ED256-E83B-455E-8057-CCAAB485BD1D}.Release|Any CPU.Build.0 = Release|iPhoneSimulator
		{E93ED256-E83B-455E-8057-CCAAB485BD1D}.Release|Any CPU.Deploy.0 = Release|iPhoneSimulator
		{E93ED256-E83B-455E-8057-CCAAB485BD1D}.Release|iPhone.ActiveCfg = Release|iPhone
		{E93ED256-E83B-455E-8057-CCAAB485BD1D}.Release|iPhone.Build.0 = Release|iPhone
		{E93ED256-E83B-455E-8057-CCAAB485BD1D}.Release|iPhone.Deploy.0 = Release|iPhone
		{E93ED256-E83B-455E-8057-CCAAB485BD1D}.Release|iPhoneSimulator.ActiveCfg = Release|iPhoneSimulator
		{E93ED256-E83B-455E-8057-CCAAB485BD1D}.Release|iPhoneSimulator.Build.0 = Release|iPhoneSimulator
		{E93ED256-E83B-455E-8057-CCAAB485BD1D}.Release|iPhoneSimulator.Deploy.0 = Release|iPhoneSimulator
		{89607181-179C-48DA-903D-CBA13784BEF1}.Debug|Any CPU.ActiveCfg = Debug|Any CPU
		{89607181-179C-48DA-903D-CBA13784BEF1}.Debug|Any CPU.Build.0 = Debug|Any CPU
		{89607181-179C-48DA-903D-CBA13784BEF1}.Debug|Any CPU.Deploy.0 = Debug|Any CPU
		{89607181-179C-48DA-903D-CBA13784BEF1}.Debug|iPhone.ActiveCfg = Debug|Any CPU
		{89607181-179C-48DA-903D-CBA13784BEF1}.Debug|iPhone.Build.0 = Debug|Any CPU
		{89607181-179C-48DA-903D-CBA13784BEF1}.Debug|iPhone.Deploy.0 = Debug|Any CPU
		{89607181-179C-48DA-903D-CBA13784BEF1}.Debug|iPhoneSimulator.ActiveCfg = Debug|Any CPU
		{89607181-179C-48DA-903D-CBA13784BEF1}.Debug|iPhoneSimulator.Build.0 = Debug|Any CPU
		{89607181-179C-48DA-903D-CBA13784BEF1}.Debug|iPhoneSimulator.Deploy.0 = Debug|Any CPU
		{89607181-179C-48DA-903D-CBA13784BEF1}.Release|Any CPU.ActiveCfg = Release|Any CPU
		{89607181-179C-48DA-903D-CBA13784BEF1}.Release|Any CPU.Build.0 = Release|Any CPU
		{89607181-179C-48DA-903D-CBA13784BEF1}.Release|Any CPU.Deploy.0 = Release|Any CPU
		{89607181-179C-48DA-903D-CBA13784BEF1}.Release|iPhone.ActiveCfg = Release|Any CPU
		{89607181-179C-48DA-903D-CBA13784BEF1}.Release|iPhone.Build.0 = Release|Any CPU
		{89607181-179C-48DA-903D-CBA13784BEF1}.Release|iPhone.Deploy.0 = Release|Any CPU
		{89607181-179C-48DA-903D-CBA13784BEF1}.Release|iPhoneSimulator.ActiveCfg = Release|Any CPU
		{89607181-179C-48DA-903D-CBA13784BEF1}.Release|iPhoneSimulator.Build.0 = Release|Any CPU
		{89607181-179C-48DA-903D-CBA13784BEF1}.Release|iPhoneSimulator.Deploy.0 = Release|Any CPU
	EndGlobalSection
	GlobalSection(SolutionProperties) = preSolution
		HideSolutionNode = FALSE
	EndGlobalSection
	GlobalSection(ExtensibilityGlobals) = postSolution
		SolutionGuid = {FB915435-6214-4CB1-8243-315EAA6D185E}
	EndGlobalSection
EndGlobal
